{
  "originHash" : "652e964ee567ab83d7ebc14e0bf28d7d45cfaecda3dc71c43369e6c312fb93f0",
  "pins" : [
    {
      "identity" : "globalconfmodule",
      "kind" : "remoteSourceControl",
      "location" : "https://github.com/Frizlab/GlobalConfModule.git",
      "state" : {
        "revision" : "72729262a37078faa9978c2c5accd5adbaedb4ee",
        "version" : "0.4.3"
      }
    },
    {
      "identity" : "swift-log",
      "kind" : "remoteSourceControl",
      "location" : "https://github.com/apple/swift-log.git",
      "state" : {
        "revision" : "96a2f8a0fa41e9e09af4585e2724c4e825410b91",
        "version" : "1.6.2"
      }
    },
    {
      "identity" : "swift-service-context",
      "kind" : "remoteSourceControl",
      "location" : "https://github.com/apple/swift-service-context.git",
      "state" : {
        "revision" : "0c62c5b4601d6c125050b5c3a97f20cce881d32b",
        "version" : "1.1.0"
      }
    },
    {
      "identity" : "swift-syntax",
      "kind" : "remoteSourceControl",
      "location" : "https://github.com/swiftlang/swift-syntax.git",
      "state" : {
        "revision" : "0687f71944021d616d34d922343dcef086855920",
        "version" : "600.0.1"
      }
    }
  ],
  "version" : 3
}
