{
  "originHash" : "69d4c7f6c84e62119300bc72cf3dec0546a0a1e2fa48e6c16af37b5bd8c223bf",
  "pins" : [
    {
      "identity" : "globalconfmodule",
      "kind" : "remoteSourceControl",
      "location" : "https://github.com/Frizlab/GlobalConfModule.git",
      "state" : {
        "revision" : "2f1abd5058fffcb5cbbab68da9c4ca4f55d167da",
        "version" : "0.4.1"
      }
    },
    {
      "identity" : "swift-log",
      "kind" : "remoteSourceControl",
      "location" : "https://github.com/apple/swift-log.git",
      "state" : {
        "revision" : "96a2f8a0fa41e9e09af4585e2724c4e825410b91",
        "version" : "1.6.2"
      }
    },
    {
      "identity" : "swift-service-context",
      "kind" : "remoteSourceControl",
      "location" : "https://github.com/apple/swift-service-context.git",
      "state" : {
        "revision" : "0c62c5b4601d6c125050b5c3a97f20cce881d32b",
        "version" : "1.1.0"
      }
    },
    {
      "identity" : "swift-syntax",
      "kind" : "remoteSourceControl",
      "location" : "https://github.com/swiftlang/swift-syntax.git",
      "state" : {
        "revision" : "0687f71944021d616d34d922343dcef086855920",
        "version" : "600.0.1"
      }
    }
  ],
  "version" : 3
}
